gioui.org v0.0.0-20221004231135-80196f3c3ed3 h1:41UBL6RQpfauddgYpcIDLPxbHj/Sixa82dqWYdUdK4s=
gioui.org v0.0.0-20221004231135-80196f3c3ed3/go.mod h1:GN091SCcGAfHfQiSOetXx7Abdy+8nmONj0ZN63Xxf7w=
gioui.org/cpu v0.0.0-20210817075930-8d6a761490d2 h1:AGDDxsJE1RpcXTAxPG2B4jrwVUJGFDjINIPi1jtO6pc=
gioui.org/shader v1.0.6 h1:cvZmU+eODFR2545X+/8XucgZdTtEjR3QWW6W65b0q5Y=
golang.org/x/sys v0.0.0-20220825204002-c680a09ffe64 h1:UiNENfZ8gDvpiWw7IpOMQ27spWmThO1RwwdQVbJahJM=
